// !$*UTF8*$!
{
	archiveVersion = 1;
	classes = {
	};
	objectVersion = 46;
	objects = {

/* Begin PBXBuildFile section */
		23AF28211EEFECD800D771AB /* RCTAgora.m in Sources */ = {isa = PBXBuildFile; fileRef = 23AF28201EEFECD800D771AB /* RCTAgora.m */; };
		23AF28221EEFECD800D771AB /* RCTAgora.h in CopyFiles */ = {isa = PBXBuildFile; fileRef = 23AF281F1EEFECD800D771AB /* RCTAgora.h */; };
/* End PBXBuildFile section */

/* Begin PBXCopyFilesBuildPhase section */
		23AF281A1EEFECD800D771AB /* CopyFiles */ = {
			isa = PBXCopyFilesBuildPhase;
			buildActionMask = 2147483647;
			dstPath = "include/$(PRODUCT_NAME)";
			dstSubfolderSpec = 16;
			files = (
				23AF28221EEFECD800D771AB /* RCTAgora.h in CopyFiles */,
			);
			runOnlyForDeploymentPostprocessing = 0;
		};
/* End PBXCopyFilesBuildPhase section */

/* Begin PBXFileReference section */
		23AF281C1EEFECD800D771AB /* libRCTAgora.a */ = {isa = PBXFileReference; explicitFileType = archive.ar; includeInIndex = 0; path = libRCTAgora.a; sourceTree = BUILT_PRODUCTS_DIR; };
		23AF281F1EEFECD800D771AB /* RCTAgora.h */ = {isa = PBXFileReference; lastKnownFileType = sourcecode.c.h; path = RCTAgora.h; sourceTree = "<group>"; };
		23AF28201EEFECD800D771AB /* RCTAgora.m */ = {isa = PBXFileReference; lastKnownFileType = sourcecode.c.objc; path = RCTAgora.m; sourceTree = "<group>"; };
/* End PBXFileReference section */

/* Begin PBXFrameworksBuildPhase section */
		23AF28191EEFECD800D771AB /* Frameworks */ = {
			isa = PBXFrameworksBuildPhase;
			buildActionMask = 2147483647;
			files = (
			);
			runOnlyForDeploymentPostprocessing = 0;
		};
/* End PBXFrameworksBuildPhase section */

/* Begin PBXGroup section */
		23AF28131EEFECD800D771AB = {
			isa = PBXGroup;
			children = (
				23AF281E1EEFECD800D771AB /* RCTAgora */,
				23AF281D1EEFECD800D771AB /* Products */,
			);
			sourceTree = "<group>";
		};
		23AF281D1EEFECD800D771AB /* Products */ = {
			isa = PBXGroup;
			children = (
				23AF281C1EEFECD800D771AB /* libRCTAgora.a */,
			);
			name = Products;
			sourceTree = "<group>";
		};
		23AF281E1EEFECD800D771AB /* RCTAgora */ = {
			isa = PBXGroup;
			children = (
				23AF281F1EEFECD800D771AB /* RCTAgora.h */,
				23AF28201EEFECD800D771AB /* RCTAgora.m */,
			);
			path = RCTAgora;
			sourceTree = "<group>";
		};
/* End PBXGroup section */

/* Begin PBXNativeTarget section */
		23AF281B1EEFECD800D771AB /* RCTAgora */ = {
			isa = PBXNativeTarget;
			buildConfigurationList = 23AF28251EEFECD800D771AB /* Build configuration list for PBXNativeTarget "RCTAgora" */;
			buildPhases = (
				23AF28181EEFECD800D771AB /* Sources */,
				23AF28191EEFECD800D771AB /* Frameworks */,
				23AF281A1EEFECD800D771AB /* CopyFiles */,
			);
			buildRules = (
			);
			dependencies = (
			);
			name = RCTAgora;
			productName = RCTAgora;
			productReference = 23AF281C1EEFECD800D771AB /* libRCTAgora.a */;
			productType = "com.apple.product-type.library.static";
		};
/* End PBXNativeTarget section */

/* Begin PBXProject section */
		23AF28141EEFECD800D771AB /* Project object */ = {
			isa = PBXProject;
			attributes = {
				LastUpgradeCheck = 0830;
				ORGANIZATIONNAME = Syan;
				TargetAttributes = {
					23AF281B1EEFECD800D771AB = {
						CreatedOnToolsVersion = 8.3.2;
						DevelopmentTeam = 342K4Q49RK;
						ProvisioningStyle = Automatic;
					};
				};
			};
			buildConfigurationList = 23AF28171EEFECD800D771AB /* Build configuration list for PBXProject "RCTAgora" */;
			compatibilityVersion = "Xcode 3.2";
			developmentRegion = English;
			hasScannedForEncodings = 0;
			knownRegions = (
				en,
			);
			mainGroup = 23AF28131EEFECD800D771AB;
			productRefGroup = 23AF281D1EEFECD800D771AB /* Products */;
			projectDirPath = "";
			projectRoot = "";
			targets = (
				23AF281B1EEFECD800D771AB /* RCTAgora */,
			);
		};
/* End PBXProject section */

/* Begin PBXSourcesBuildPhase section */
		23AF28181EEFECD800D771AB /* Sources */ = {
			isa = PBXSourcesBuildPhase;
			buildActionMask = 2147483647;
			files = (
				23AF28211EEFECD800D771AB /* RCTAgora.m in Sources */,
			);
			runOnlyForDeploymentPostprocessing = 0;
		};
/* End PBXSourcesBuildPhase section */

/* Begin XCBuildConfiguration section */
		23AF28231EEFECD800D771AB /* Debug */ = {
			isa = XCBuildConfiguration;
			buildSettings = {
				ALWAYS_SEARCH_USER_PATHS = NO;
				CLANG_ANALYZER_NONNULL = YES;
				CLANG_ANALYZER_NUMBER_OBJECT_CONVERSION = YES_AGGRESSIVE;
				CLANG_CXX_LANGUAGE_STANDARD = "gnu++0x";
				CLANG_CXX_LIBRARY = "libc++";
				CLANG_ENABLE_MODULES = YES;
				CLANG_ENABLE_OBJC_ARC = YES;
				CLANG_WARN_BOOL_CONVERSION = YES;
				CLANG_WARN_CONSTANT_CONVERSION = YES;
				CLANG_WARN_DIRECT_OBJC_ISA_USAGE = YES_ERROR;
				CLANG_WARN_DOCUMENTATION_COMMENTS = YES;
				CLANG_WARN_EMPTY_BODY = YES;
				CLANG_WARN_ENUM_CONVERSION = YES;
				CLANG_WARN_INFINITE_RECURSION = YES;
				CLANG_WARN_INT_CONVERSION = YES;
				CLANG_WARN_OBJC_ROOT_CLASS = YES_ERROR;
				CLANG_WARN_SUSPICIOUS_MOVE = YES;
				CLANG_WARN_UNREACHABLE_CODE = YES;
				CLANG_WARN__DUPLICATE_METHOD_MATCH = YES;
				"CODE_SIGN_IDENTITY[sdk=iphoneos*]" = "iPhone Developer";
				COPY_PHASE_STRIP = NO;
				DEBUG_INFORMATION_FORMAT = dwarf;
				ENABLE_STRICT_OBJC_MSGSEND = YES;
				ENABLE_TESTABILITY = YES;
				GCC_C_LANGUAGE_STANDARD = gnu99;
				GCC_DYNAMIC_NO_PIC = NO;
				GCC_NO_COMMON_BLOCKS = YES;
				GCC_OPTIMIZATION_LEVEL = 0;
				GCC_PREPROCESSOR_DEFINITIONS = (
					"DEBUG=1",
					"$(inherited)",
				);
				GCC_WARN_64_TO_32_BIT_CONVERSION = YES;
				GCC_WARN_ABOUT_RETURN_TYPE = YES_ERROR;
				GCC_WARN_UNDECLARED_SELECTOR = YES;
				GCC_WARN_UNINITIALIZED_AUTOS = YES_AGGRESSIVE;
				GCC_WARN_UNUSED_FUNCTION = YES;
				GCC_WARN_UNUSED_VARIABLE = YES;
				IPHONEOS_DEPLOYMENT_TARGET = 10.3;
				MTL_ENABLE_DEBUG_INFO = YES;
				ONLY_ACTIVE_ARCH = YES;
				SDKROOT = iphoneos;
			};
			name = Debug;
		};
		23AF28241EEFECD800D771AB /* Release */ = {
			isa = XCBuildConfiguration;
			buildSettings = {
				ALWAYS_SEARCH_USER_PATHS = NO;
				CLANG_ANALYZER_NONNULL = YES;
				CLANG_ANALYZER_NUMBER_OBJECT_CONVERSION = YES_AGGRESSIVE;
				CLANG_CXX_LANGUAGE_STANDARD = "gnu++0x";
				CLANG_CXX_LIBRARY = "libc++";
				CLANG_ENABLE_MODULES = YES;
				CLANG_ENABLE_OBJC_ARC = YES;
				CLANG_WARN_BOOL_CONVERSION = YES;
				CLANG_WARN_CONSTANT_CONVERSION = YES;
				CLANG_WARN_DIRECT_OBJC_ISA_USAGE = YES_ERROR;
				CLANG_WARN_DOCUMENTATION_COMMENTS = YES;
				CLANG_WARN_EMPTY_BODY = YES;
				CLANG_WARN_ENUM_CONVERSION = YES;
				CLANG_WARN_INFINITE_RECURSION = YES;
				CLANG_WARN_INT_CONVERSION = YES;
				CLANG_WARN_OBJC_ROOT_CLASS = YES_ERROR;
				CLANG_WARN_SUSPICIOUS_MOVE = YES;
				CLANG_WARN_UNREACHABLE_CODE = YES;
				CLANG_WARN__DUPLICATE_METHOD_MATCH = YES;
				"CODE_SIGN_IDENTITY[sdk=iphoneos*]" = "iPhone Developer";
				COPY_PHASE_STRIP = NO;
				DEBUG_INFORMATION_FORMAT = "dwarf-with-dsym";
				ENABLE_NS_ASSERTIONS = NO;
				ENABLE_STRICT_OBJC_MSGSEND = YES;
				GCC_C_LANGUAGE_STANDARD = gnu99;
				GCC_NO_COMMON_BLOCKS = YES;
				GCC_WARN_64_TO_32_BIT_CONVERSION = YES;
				GCC_WARN_ABOUT_RETURN_TYPE = YES_ERROR;
				GCC_WARN_UNDECLARED_SELECTOR = YES;
				GCC_WARN_UNINITIALIZED_AUTOS = YES_AGGRESSIVE;
				GCC_WARN_UNUSED_FUNCTION = YES;
				GCC_WARN_UNUSED_VARIABLE = YES;
				IPHONEOS_DEPLOYMENT_TARGET = 10.3;
				MTL_ENABLE_DEBUG_INFO = NO;
				SDKROOT = iphoneos;
				VALIDATE_PRODUCT = YES;
			};
			name = Release;
		};
		23AF28261EEFECD800D771AB /* Debug */ = {
			isa = XCBuildConfiguration;
			buildSettings = {
				DEVELOPMENT_TEAM = 342K4Q49RK;
				HEADER_SEARCH_PATHS = (
					"\"$(SRCROOT)/../../react-native/React\"/**",
					"\"$(SRCROOT)/../../react-native/Libraries\"/**",
				);
				OTHER_LDFLAGS = "-ObjC";
				PRODUCT_NAME = "$(TARGET_NAME)";
				SKIP_INSTALL = YES;
			};
			name = Debug;
		};
		23AF28271EEFECD800D771AB /* Release */ = {
			isa = XCBuildConfiguration;
			buildSettings = {
				DEVELOPMENT_TEAM = 342K4Q49RK;
				HEADER_SEARCH_PATHS = (
					"\"$(SRCROOT)/../../react-native/React\"/**",
					"\"$(SRCROOT)/../../react-native/Libraries\"/**",
				);
				OTHER_LDFLAGS = "-ObjC";
				PRODUCT_NAME = "$(TARGET_NAME)";
				SKIP_INSTALL = YES;
			};
			name = Release;
		};
/* End XCBuildConfiguration section */

/* Begin XCConfigurationList section */
		23AF28171EEFECD800D771AB /* Build configuration list for PBXProject "RCTAgora" */ = {
			isa = XCConfigurationList;
			buildConfigurations = (
				23AF28231EEFECD800D771AB /* Debug */,
				23AF28241EEFECD800D771AB /* Release */,
			);
			defaultConfigurationIsVisible = 0;
			defaultConfigurationName = Release;
		};
		23AF28251EEFECD800D771AB /* Build configuration list for PBXNativeTarget "RCTAgora" */ = {
			isa = XCConfigurationList;
			buildConfigurations = (
				23AF28261EEFECD800D771AB /* Debug */,
				23AF28271EEFECD800D771AB /* Release */,
			);
			defaultConfigurationIsVisible = 0;
			defaultConfigurationName = Release;
		};
/* End XCConfigurationList section */
	};
	rootObject = 23AF28141EEFECD800D771AB /* Project object */;
}
