// !$*UTF8*$!
{
	archiveVersion = 1;
	classes = {
	};
	objectVersion = 46;
	objects = {

/* Begin PBXBuildFile section */
		1A45C83BB272B3DBD0CDD4F5 /* RtcChannel.swift in Sources */ = {isa = PBXBuildFile; fileRef = 1A45C4ECABE114F83C0B3FFA /* RtcChannel.swift */; };
		1A45C8C8FA7B421E2B2EDBAE /* RtcEngine.swift in Sources */ = {isa = PBXBuildFile; fileRef = 1A45C12DB8F4B671C19B2C2F /* RtcEngine.swift */; };
		F52A357C243F33060059123E /* Callback.swift in Sources */ = {isa = PBXBuildFile; fileRef = F52A357B243F33060059123E /* Callback.swift */; };
		F52A357E244060460059123E /* Extensions.swift in Sources */ = {isa = PBXBuildFile; fileRef = F52A357D244060460059123E /* Extensions.swift */; };
		F52A3580244066090059123E /* MediaObserver.swift in Sources */ = {isa = PBXBuildFile; fileRef = F52A357F244066090059123E /* MediaObserver.swift */; };
		F532DED724445E0400715966 /* BeanCovertor.swift in Sources */ = {isa = PBXBuildFile; fileRef = F532DED624445E0400715966 /* BeanCovertor.swift */; };
		F532E03D2446FB6D00715966 /* RtcSurfaceView.swift in Sources */ = {isa = PBXBuildFile; fileRef = F532E03C2446FB6D00715966 /* RtcSurfaceView.swift */; };
		F562CBE22487CA3B006DDED8 /* AgoraRtcCryptoLoader.framework in Frameworks */ = {isa = PBXBuildFile; fileRef = F562CBE02487CA3B006DDED8 /* AgoraRtcCryptoLoader.framework */; };
		F562CBE32487CA3C006DDED8 /* AgoraRtcKit.framework in Frameworks */ = {isa = PBXBuildFile; fileRef = F562CBE12487CA3B006DDED8 /* AgoraRtcKit.framework */; };
		F562CBE42487CA4A006DDED8 /* AgoraRtcCryptoLoader.framework in CopyFiles */ = {isa = PBXBuildFile; fileRef = F562CBE02487CA3B006DDED8 /* AgoraRtcCryptoLoader.framework */; settings = {ATTRIBUTES = (CodeSignOnCopy, RemoveHeadersOnCopy, ); }; };
		F562CBE52487CA4A006DDED8 /* AgoraRtcKit.framework in CopyFiles */ = {isa = PBXBuildFile; fileRef = F562CBE12487CA3B006DDED8 /* AgoraRtcKit.framework */; settings = {ATTRIBUTES = (CodeSignOnCopy, RemoveHeadersOnCopy, ); }; };
		F5B39EB72493D19100853FEF /* RtcChannelEvent.swift in Sources */ = {isa = PBXBuildFile; fileRef = F5B39EB52493D19100853FEF /* RtcChannelEvent.swift */; };
		F5B39EB82493D19100853FEF /* RtcEngineEvent.swift in Sources */ = {isa = PBXBuildFile; fileRef = F5B39EB62493D19100853FEF /* RtcEngineEvent.swift */; };
		F5C34DF4245042E500C6ED53 /* RCTAgoraRtcChannelModule.swift in Sources */ = {isa = PBXBuildFile; fileRef = F5C34DEC245042E500C6ED53 /* RCTAgoraRtcChannelModule.swift */; };
		F5C34DF5245042E500C6ED53 /* PromiseCallback.swift in Sources */ = {isa = PBXBuildFile; fileRef = F5C34DEE245042E500C6ED53 /* PromiseCallback.swift */; };
		F5C34DF6245042E500C6ED53 /* RCTAgoraRtcEngineModule.swift in Sources */ = {isa = PBXBuildFile; fileRef = F5C34DEF245042E500C6ED53 /* RCTAgoraRtcEngineModule.swift */; };
		F5C34DF7245042E500C6ED53 /* RCTAgoraRtcSurfaceViewManagerBridge.m in Sources */ = {isa = PBXBuildFile; fileRef = F5C34DF0245042E500C6ED53 /* RCTAgoraRtcSurfaceViewManagerBridge.m */; };
		F5C34DF8245042E500C6ED53 /* RCTAgoraRtcChannelModuleBridge.m in Sources */ = {isa = PBXBuildFile; fileRef = F5C34DF1245042E500C6ED53 /* RCTAgoraRtcChannelModuleBridge.m */; };
		F5C34DF9245042E500C6ED53 /* RCTAgoraRtcEngineModuleBridge.m in Sources */ = {isa = PBXBuildFile; fileRef = F5C34DF2245042E500C6ED53 /* RCTAgoraRtcEngineModuleBridge.m */; };
		F5C34DFA245042E500C6ED53 /* RCTAgoraRtcSurfaceViewManager.swift in Sources */ = {isa = PBXBuildFile; fileRef = F5C34DF3245042E500C6ED53 /* RCTAgoraRtcSurfaceViewManager.swift */; };
/* End PBXBuildFile section */

/* Begin PBXCopyFilesBuildPhase section */
		23AF281A1EEFECD800D771AB /* CopyFiles */ = {
			isa = PBXCopyFilesBuildPhase;
			buildActionMask = 2147483647;
			dstPath = "";
			dstSubfolderSpec = 10;
			files = (
				F562CBE42487CA4A006DDED8 /* AgoraRtcCryptoLoader.framework in CopyFiles */,
				F562CBE52487CA4A006DDED8 /* AgoraRtcKit.framework in CopyFiles */,
			);
			runOnlyForDeploymentPostprocessing = 0;
		};
/* End PBXCopyFilesBuildPhase section */

/* Begin PBXFileReference section */
		1A45C12DB8F4B671C19B2C2F /* RtcEngine.swift */ = {isa = PBXFileReference; fileEncoding = 4; lastKnownFileType = sourcecode.swift; path = RtcEngine.swift; sourceTree = "<group>"; };
		1A45C4ECABE114F83C0B3FFA /* RtcChannel.swift */ = {isa = PBXFileReference; fileEncoding = 4; lastKnownFileType = sourcecode.swift; path = RtcChannel.swift; sourceTree = "<group>"; };
		23AF281C1EEFECD800D771AB /* libRCTAgora.a */ = {isa = PBXFileReference; explicitFileType = archive.ar; includeInIndex = 0; path = libRCTAgora.a; sourceTree = BUILT_PRODUCTS_DIR; };
		F52A357B243F33060059123E /* Callback.swift */ = {isa = PBXFileReference; lastKnownFileType = sourcecode.swift; path = Callback.swift; sourceTree = "<group>"; };
		F52A357D244060460059123E /* Extensions.swift */ = {isa = PBXFileReference; lastKnownFileType = sourcecode.swift; path = Extensions.swift; sourceTree = "<group>"; };
		F52A357F244066090059123E /* MediaObserver.swift */ = {isa = PBXFileReference; lastKnownFileType = sourcecode.swift; path = MediaObserver.swift; sourceTree = "<group>"; };
		F532DED624445E0400715966 /* BeanCovertor.swift */ = {isa = PBXFileReference; lastKnownFileType = sourcecode.swift; path = BeanCovertor.swift; sourceTree = "<group>"; };
		F532E03C2446FB6D00715966 /* RtcSurfaceView.swift */ = {isa = PBXFileReference; lastKnownFileType = sourcecode.swift; path = RtcSurfaceView.swift; sourceTree = "<group>"; };
		F562CBE02487CA3B006DDED8 /* AgoraRtcCryptoLoader.framework */ = {isa = PBXFileReference; lastKnownFileType = wrapper.framework; path = AgoraRtcCryptoLoader.framework; sourceTree = "<group>"; };
		F562CBE12487CA3B006DDED8 /* AgoraRtcKit.framework */ = {isa = PBXFileReference; lastKnownFileType = wrapper.framework; path = AgoraRtcKit.framework; sourceTree = "<group>"; };
		F5B39EB52493D19100853FEF /* RtcChannelEvent.swift */ = {isa = PBXFileReference; fileEncoding = 4; lastKnownFileType = sourcecode.swift; path = RtcChannelEvent.swift; sourceTree = "<group>"; };
		F5B39EB62493D19100853FEF /* RtcEngineEvent.swift */ = {isa = PBXFileReference; fileEncoding = 4; lastKnownFileType = sourcecode.swift; path = RtcEngineEvent.swift; sourceTree = "<group>"; };
		F5C34DEC245042E500C6ED53 /* RCTAgoraRtcChannelModule.swift */ = {isa = PBXFileReference; fileEncoding = 4; lastKnownFileType = sourcecode.swift; path = RCTAgoraRtcChannelModule.swift; sourceTree = "<group>"; };
		F5C34DED245042E500C6ED53 /* RCTAgora-bridging-header.h */ = {isa = PBXFileReference; fileEncoding = 4; lastKnownFileType = sourcecode.c.h; path = "RCTAgora-bridging-header.h"; sourceTree = "<group>"; };
		F5C34DEE245042E500C6ED53 /* PromiseCallback.swift */ = {isa = PBXFileReference; fileEncoding = 4; lastKnownFileType = sourcecode.swift; path = PromiseCallback.swift; sourceTree = "<group>"; };
		F5C34DEF245042E500C6ED53 /* RCTAgoraRtcEngineModule.swift */ = {isa = PBXFileReference; fileEncoding = 4; lastKnownFileType = sourcecode.swift; path = RCTAgoraRtcEngineModule.swift; sourceTree = "<group>"; };
		F5C34DF0245042E500C6ED53 /* RCTAgoraRtcSurfaceViewManagerBridge.m */ = {isa = PBXFileReference; fileEncoding = 4; lastKnownFileType = sourcecode.c.objc; path = RCTAgoraRtcSurfaceViewManagerBridge.m; sourceTree = "<group>"; };
		F5C34DF1245042E500C6ED53 /* RCTAgoraRtcChannelModuleBridge.m */ = {isa = PBXFileReference; fileEncoding = 4; lastKnownFileType = sourcecode.c.objc; path = RCTAgoraRtcChannelModuleBridge.m; sourceTree = "<group>"; };
		F5C34DF2245042E500C6ED53 /* RCTAgoraRtcEngineModuleBridge.m */ = {isa = PBXFileReference; fileEncoding = 4; lastKnownFileType = sourcecode.c.objc; path = RCTAgoraRtcEngineModuleBridge.m; sourceTree = "<group>"; };
		F5C34DF3245042E500C6ED53 /* RCTAgoraRtcSurfaceViewManager.swift */ = {isa = PBXFileReference; fileEncoding = 4; lastKnownFileType = sourcecode.swift; path = RCTAgoraRtcSurfaceViewManager.swift; sourceTree = "<group>"; };
		F5C34DFB24505ADD00C6ED53 /* AgoraRtcEngineKit.h */ = {isa = PBXFileReference; lastKnownFileType = sourcecode.c.h; path = AgoraRtcEngineKit.h; sourceTree = "<group>"; };
/* End PBXFileReference section */

/* Begin PBXFrameworksBuildPhase section */
		23AF28191EEFECD800D771AB /* Frameworks */ = {
			isa = PBXFrameworksBuildPhase;
			buildActionMask = 2147483647;
			files = (
				F562CBE32487CA3C006DDED8 /* AgoraRtcKit.framework in Frameworks */,
				F562CBE22487CA3B006DDED8 /* AgoraRtcCryptoLoader.framework in Frameworks */,
			);
			runOnlyForDeploymentPostprocessing = 0;
		};
/* End PBXFrameworksBuildPhase section */

/* Begin PBXGroup section */
		08B28CF52211239F00E57CEB /* Frameworks */ = {
			isa = PBXGroup;
			children = (
			);
			name = Frameworks;
			sourceTree = "<group>";
		};
		1A45C5B4F6A3DDAC155D26E5 /* React */ = {
			isa = PBXGroup;
			children = (
				F5C34DEE245042E500C6ED53 /* PromiseCallback.swift */,
				F5C34DED245042E500C6ED53 /* RCTAgora-bridging-header.h */,
				F5C34DEC245042E500C6ED53 /* RCTAgoraRtcChannelModule.swift */,
				F5C34DF1245042E500C6ED53 /* RCTAgoraRtcChannelModuleBridge.m */,
				F5C34DEF245042E500C6ED53 /* RCTAgoraRtcEngineModule.swift */,
				F5C34DF2245042E500C6ED53 /* RCTAgoraRtcEngineModuleBridge.m */,
				F5C34DF3245042E500C6ED53 /* RCTAgoraRtcSurfaceViewManager.swift */,
				F5C34DF0245042E500C6ED53 /* RCTAgoraRtcSurfaceViewManagerBridge.m */,
			);
			path = React;
			sourceTree = "<group>";
		};
		23AF28131EEFECD800D771AB = {
			isa = PBXGroup;
			children = (
				23AF281E1EEFECD800D771AB /* RCTAgora */,
				23AF281D1EEFECD800D771AB /* Products */,
				08B28CF52211239F00E57CEB /* Frameworks */,
			);
			sourceTree = "<group>";
		};
		23AF281D1EEFECD800D771AB /* Products */ = {
			isa = PBXGroup;
			children = (
				23AF281C1EEFECD800D771AB /* libRCTAgora.a */,
			);
			name = Products;
			sourceTree = "<group>";
		};
		23AF281E1EEFECD800D771AB /* RCTAgora */ = {
			isa = PBXGroup;
			children = (
				F562CBDF2487CA3B006DDED8 /* Libs */,
				F52A3574243EFBB40059123E /* Base */,
				1A45C5B4F6A3DDAC155D26E5 /* React */,
			);
			path = RCTAgora;
			sourceTree = "<group>";
		};
		F52A3574243EFBB40059123E /* Base */ = {
			isa = PBXGroup;
			children = (
				F532DED624445E0400715966 /* BeanCovertor.swift */,
				F52A357B243F33060059123E /* Callback.swift */,
				F52A357D244060460059123E /* Extensions.swift */,
				F52A357F244066090059123E /* MediaObserver.swift */,
				1A45C4ECABE114F83C0B3FFA /* RtcChannel.swift */,
				F5B39EB52493D19100853FEF /* RtcChannelEvent.swift */,
				1A45C12DB8F4B671C19B2C2F /* RtcEngine.swift */,
				F5B39EB62493D19100853FEF /* RtcEngineEvent.swift */,
				F532E03C2446FB6D00715966 /* RtcSurfaceView.swift */,
				F5C34DFB24505ADD00C6ED53 /* AgoraRtcEngineKit.h */,
			);
			path = Base;
			sourceTree = "<group>";
		};
		F562CBDF2487CA3B006DDED8 /* Libs */ = {
			isa = PBXGroup;
			children = (
				F562CBE02487CA3B006DDED8 /* AgoraRtcCryptoLoader.framework */,
				F562CBE12487CA3B006DDED8 /* AgoraRtcKit.framework */,
			);
			path = Libs;
			sourceTree = "<group>";
		};
/* End PBXGroup section */

/* Begin PBXNativeTarget section */
		23AF281B1EEFECD800D771AB /* RCTAgora */ = {
			isa = PBXNativeTarget;
			buildConfigurationList = 23AF28251EEFECD800D771AB /* Build configuration list for PBXNativeTarget "RCTAgora" */;
			buildPhases = (
				23AF28181EEFECD800D771AB /* Sources */,
				23AF28191EEFECD800D771AB /* Frameworks */,
				23AF281A1EEFECD800D771AB /* CopyFiles */,
			);
			buildRules = (
			);
			dependencies = (
			);
			name = RCTAgora;
			productName = RCTAgora;
			productReference = 23AF281C1EEFECD800D771AB /* libRCTAgora.a */;
			productType = "com.apple.product-type.library.static";
		};
/* End PBXNativeTarget section */

/* Begin PBXProject section */
		23AF28141EEFECD800D771AB /* Project object */ = {
			isa = PBXProject;
			attributes = {
				LastUpgradeCheck = 1010;
				ORGANIZATIONNAME = Syan;
				TargetAttributes = {
					23AF281B1EEFECD800D771AB = {
						CreatedOnToolsVersion = 8.3.2;
						DevelopmentTeam = 342K4Q49RK;
						LastSwiftMigration = 1140;
						ProvisioningStyle = Automatic;
					};
				};
			};
			buildConfigurationList = 23AF28171EEFECD800D771AB /* Build configuration list for PBXProject "RCTAgora" */;
			compatibilityVersion = "Xcode 3.2";
			developmentRegion = English;
			hasScannedForEncodings = 0;
			knownRegions = (
				English,
				en,
			);
			mainGroup = 23AF28131EEFECD800D771AB;
			productRefGroup = 23AF281D1EEFECD800D771AB /* Products */;
			projectDirPath = "";
			projectRoot = "";
			targets = (
				23AF281B1EEFECD800D771AB /* RCTAgora */,
			);
		};
/* End PBXProject section */

/* Begin PBXSourcesBuildPhase section */
		23AF28181EEFECD800D771AB /* Sources */ = {
			isa = PBXSourcesBuildPhase;
			buildActionMask = 2147483647;
			files = (
				F5B39EB82493D19100853FEF /* RtcEngineEvent.swift in Sources */,
				F5C34DF6245042E500C6ED53 /* RCTAgoraRtcEngineModule.swift in Sources */,
				F5C34DFA245042E500C6ED53 /* RCTAgoraRtcSurfaceViewManager.swift in Sources */,
				F5C34DF5245042E500C6ED53 /* PromiseCallback.swift in Sources */,
				F5C34DF8245042E500C6ED53 /* RCTAgoraRtcChannelModuleBridge.m in Sources */,
				F52A357C243F33060059123E /* Callback.swift in Sources */,
				F5C34DF7245042E500C6ED53 /* RCTAgoraRtcSurfaceViewManagerBridge.m in Sources */,
				F5B39EB72493D19100853FEF /* RtcChannelEvent.swift in Sources */,
				F5C34DF9245042E500C6ED53 /* RCTAgoraRtcEngineModuleBridge.m in Sources */,
				F5C34DF4245042E500C6ED53 /* RCTAgoraRtcChannelModule.swift in Sources */,
				F532E03D2446FB6D00715966 /* RtcSurfaceView.swift in Sources */,
				F52A3580244066090059123E /* MediaObserver.swift in Sources */,
				F52A357E244060460059123E /* Extensions.swift in Sources */,
				F532DED724445E0400715966 /* BeanCovertor.swift in Sources */,
				1A45C83BB272B3DBD0CDD4F5 /* RtcChannel.swift in Sources */,
				1A45C8C8FA7B421E2B2EDBAE /* RtcEngine.swift in Sources */,
			);
			runOnlyForDeploymentPostprocessing = 0;
		};
/* End PBXSourcesBuildPhase section */

/* Begin XCBuildConfiguration section */
		23AF28231EEFECD800D771AB /* Debug */ = {
			isa = XCBuildConfiguration;
			buildSettings = {
				ALWAYS_SEARCH_USER_PATHS = NO;
				CLANG_ANALYZER_NONNULL = YES;
				CLANG_ANALYZER_NUMBER_OBJECT_CONVERSION = YES_AGGRESSIVE;
				CLANG_CXX_LANGUAGE_STANDARD = "gnu++0x";
				CLANG_CXX_LIBRARY = "libc++";
				CLANG_ENABLE_MODULES = YES;
				CLANG_ENABLE_OBJC_ARC = YES;
				CLANG_WARN_BLOCK_CAPTURE_AUTORELEASING = YES;
				CLANG_WARN_BOOL_CONVERSION = YES;
				CLANG_WARN_COMMA = YES;
				CLANG_WARN_CONSTANT_CONVERSION = YES;
				CLANG_WARN_DEPRECATED_OBJC_IMPLEMENTATIONS = YES;
				CLANG_WARN_DIRECT_OBJC_ISA_USAGE = YES_ERROR;
				CLANG_WARN_DOCUMENTATION_COMMENTS = YES;
				CLANG_WARN_EMPTY_BODY = YES;
				CLANG_WARN_ENUM_CONVERSION = YES;
				CLANG_WARN_INFINITE_RECURSION = YES;
				CLANG_WARN_INT_CONVERSION = YES;
				CLANG_WARN_NON_LITERAL_NULL_CONVERSION = YES;
				CLANG_WARN_OBJC_IMPLICIT_RETAIN_SELF = YES;
				CLANG_WARN_OBJC_LITERAL_CONVERSION = YES;
				CLANG_WARN_OBJC_ROOT_CLASS = YES_ERROR;
				CLANG_WARN_RANGE_LOOP_ANALYSIS = YES;
				CLANG_WARN_STRICT_PROTOTYPES = YES;
				CLANG_WARN_SUSPICIOUS_MOVE = YES;
				CLANG_WARN_UNREACHABLE_CODE = YES;
				CLANG_WARN__DUPLICATE_METHOD_MATCH = YES;
				"CODE_SIGN_IDENTITY[sdk=iphoneos*]" = "iPhone Developer";
				COPY_PHASE_STRIP = NO;
				DEBUG_INFORMATION_FORMAT = dwarf;
				ENABLE_BITCODE = YES;
				ENABLE_STRICT_OBJC_MSGSEND = YES;
				ENABLE_TESTABILITY = YES;
				GCC_C_LANGUAGE_STANDARD = gnu99;
				GCC_DYNAMIC_NO_PIC = NO;
				GCC_NO_COMMON_BLOCKS = YES;
				GCC_OPTIMIZATION_LEVEL = 0;
				GCC_PREPROCESSOR_DEFINITIONS = (
					"DEBUG=1",
					"$(inherited)",
				);
				GCC_WARN_64_TO_32_BIT_CONVERSION = YES;
				GCC_WARN_ABOUT_RETURN_TYPE = YES_ERROR;
				GCC_WARN_UNDECLARED_SELECTOR = YES;
				GCC_WARN_UNINITIALIZED_AUTOS = YES_AGGRESSIVE;
				GCC_WARN_UNUSED_FUNCTION = YES;
				GCC_WARN_UNUSED_VARIABLE = YES;
				IPHONEOS_DEPLOYMENT_TARGET = 10.3;
				MTL_ENABLE_DEBUG_INFO = YES;
				ONLY_ACTIVE_ARCH = YES;
				SDKROOT = iphoneos;
			};
			name = Debug;
		};
		23AF28241EEFECD800D771AB /* Release */ = {
			isa = XCBuildConfiguration;
			buildSettings = {
				ALWAYS_SEARCH_USER_PATHS = NO;
				CLANG_ANALYZER_NONNULL = YES;
				CLANG_ANALYZER_NUMBER_OBJECT_CONVERSION = YES_AGGRESSIVE;
				CLANG_CXX_LANGUAGE_STANDARD = "gnu++0x";
				CLANG_CXX_LIBRARY = "libc++";
				CLANG_ENABLE_MODULES = YES;
				CLANG_ENABLE_OBJC_ARC = YES;
				CLANG_WARN_BLOCK_CAPTURE_AUTORELEASING = YES;
				CLANG_WARN_BOOL_CONVERSION = YES;
				CLANG_WARN_COMMA = YES;
				CLANG_WARN_CONSTANT_CONVERSION = YES;
				CLANG_WARN_DEPRECATED_OBJC_IMPLEMENTATIONS = YES;
				CLANG_WARN_DIRECT_OBJC_ISA_USAGE = YES_ERROR;
				CLANG_WARN_DOCUMENTATION_COMMENTS = YES;
				CLANG_WARN_EMPTY_BODY = YES;
				CLANG_WARN_ENUM_CONVERSION = YES;
				CLANG_WARN_INFINITE_RECURSION = YES;
				CLANG_WARN_INT_CONVERSION = YES;
				CLANG_WARN_NON_LITERAL_NULL_CONVERSION = YES;
				CLANG_WARN_OBJC_IMPLICIT_RETAIN_SELF = YES;
				CLANG_WARN_OBJC_LITERAL_CONVERSION = YES;
				CLANG_WARN_OBJC_ROOT_CLASS = YES_ERROR;
				CLANG_WARN_RANGE_LOOP_ANALYSIS = YES;
				CLANG_WARN_STRICT_PROTOTYPES = YES;
				CLANG_WARN_SUSPICIOUS_MOVE = YES;
				CLANG_WARN_UNREACHABLE_CODE = YES;
				CLANG_WARN__DUPLICATE_METHOD_MATCH = YES;
				"CODE_SIGN_IDENTITY[sdk=iphoneos*]" = "iPhone Developer";
				COPY_PHASE_STRIP = NO;
				DEBUG_INFORMATION_FORMAT = "dwarf-with-dsym";
				ENABLE_BITCODE = YES;
				ENABLE_NS_ASSERTIONS = NO;
				ENABLE_STRICT_OBJC_MSGSEND = YES;
				GCC_C_LANGUAGE_STANDARD = gnu99;
				GCC_NO_COMMON_BLOCKS = YES;
				GCC_WARN_64_TO_32_BIT_CONVERSION = YES;
				GCC_WARN_ABOUT_RETURN_TYPE = YES_ERROR;
				GCC_WARN_UNDECLARED_SELECTOR = YES;
				GCC_WARN_UNINITIALIZED_AUTOS = YES_AGGRESSIVE;
				GCC_WARN_UNUSED_FUNCTION = YES;
				GCC_WARN_UNUSED_VARIABLE = YES;
				IPHONEOS_DEPLOYMENT_TARGET = 10.3;
				MTL_ENABLE_DEBUG_INFO = NO;
				SDKROOT = iphoneos;
				VALIDATE_PRODUCT = YES;
			};
			name = Release;
		};
		23AF28261EEFECD800D771AB /* Debug */ = {
			isa = XCBuildConfiguration;
			buildSettings = {
				CLANG_ENABLE_MODULES = YES;
				DEVELOPMENT_TEAM = 342K4Q49RK;
				ENABLE_BITCODE = YES;
				FRAMEWORK_SEARCH_PATHS = (
					"$(inherited)",
					"$(PROJECT_DIR)/RCTAgora/Libs",
				);
				HEADER_SEARCH_PATHS = (
					"$(inherited)",
					"$(SRCROOT)/../../react-native/React/**",
					"$(SRCROOT)/../../react-native/Libraries/**",
					"$(SRCROOT)/../../../ios/Pods/**",
				);
				LD_RUNPATH_SEARCH_PATHS = "$(inherited) @executable_path/Frameworks @loader_path/Frameworks";
				LIBRARY_SEARCH_PATHS = "$(inherited)";
				OTHER_LDFLAGS = "-ObjC";
				PRODUCT_NAME = "$(TARGET_NAME)";
				SKIP_INSTALL = YES;
				SWIFT_OBJC_BRIDGING_HEADER = "RCTAgora/React/RCTAgora-Bridging-Header.h";
				SWIFT_OPTIMIZATION_LEVEL = "-Onone";
				SWIFT_VERSION = 5.0;
			};
			name = Debug;
		};
		23AF28271EEFECD800D771AB /* Release */ = {
			isa = XCBuildConfiguration;
			buildSettings = {
				CLANG_ENABLE_MODULES = YES;
				DEVELOPMENT_TEAM = 342K4Q49RK;
				ENABLE_BITCODE = YES;
				FRAMEWORK_SEARCH_PATHS = (
					"$(inherited)",
					"$(PROJECT_DIR)/RCTAgora/Libs",
				);
				HEADER_SEARCH_PATHS = (
					"$(inherited)",
					"$(SRCROOT)/../../react-native/React/**",
					"$(SRCROOT)/../../react-native/Libraries/**",
					"$(SRCROOT)/../../../ios/Pods/**",
				);
				LD_RUNPATH_SEARCH_PATHS = "$(inherited) @executable_path/Frameworks @loader_path/Frameworks";
				LIBRARY_SEARCH_PATHS = "$(inherited)";
				OTHER_LDFLAGS = "-ObjC";
				PRODUCT_NAME = "$(TARGET_NAME)";
				SKIP_INSTALL = YES;
				SWIFT_OBJC_BRIDGING_HEADER = "RCTAgora/React/RCTAgora-Bridging-Header.h";
				SWIFT_VERSION = 5.0;
			};
			name = Release;
		};
/* End XCBuildConfiguration section */

/* Begin XCConfigurationList section */
		23AF28171EEFECD800D771AB /* Build configuration list for PBXProject "RCTAgora" */ = {
			isa = XCConfigurationList;
			buildConfigurations = (
				23AF28231EEFECD800D771AB /* Debug */,
				23AF28241EEFECD800D771AB /* Release */,
			);
			defaultConfigurationIsVisible = 0;
			defaultConfigurationName = Release;
		};
		23AF28251EEFECD800D771AB /* Build configuration list for PBXNativeTarget "RCTAgora" */ = {
			isa = XCConfigurationList;
			buildConfigurations = (
				23AF28261EEFECD800D771AB /* Debug */,
				23AF28271EEFECD800D771AB /* Release */,
			);
			defaultConfigurationIsVisible = 0;
			defaultConfigurationName = Release;
		};
/* End XCConfigurationList section */
	};
	rootObject = 23AF28141EEFECD800D771AB /* Project object */;
}
