PODS:
  - AgoraRtcEngine_iOS (2.3.3)
  - react-native-agora (2.3.3):
    - AgoraRtcEngine_iOS (= 2.3.3)
    - react-native-agora/AgoraRtcCryptoLoader (= 2.3.3)
    - react-native-agora/AgoraRtcEngineKit (= 2.3.3)
  - react-native-agora/AgoraRtcCryptoLoader (2.3.3):
    - AgoraRtcEngine_iOS (= 2.3.3)
  - react-native-agora/AgoraRtcEngineKit (2.3.3):
    - AgoraRtcEngine_iOS (= 2.3.3)

DEPENDENCIES:
  - react-native-agora (from `../node_modules/react-native-agora`)

SPEC REPOS:
  https://github.com/cocoapods/specs.git:
    - AgoraRtcEngine_iOS

EXTERNAL SOURCES:
  react-native-agora:
    :path: "../node_modules/react-native-agora"

SPEC CHECKSUMS:
  AgoraRtcEngine_iOS: 8ad4b58dafed2cec5df03fa1f0ddbdad2c9ff958
  react-native-agora: ad43868aad1298fa32f167d9a00887e2c88af54b

PODFILE CHECKSUM: ed05ca9e60ab637de485899d548c81338155a2ae

COCOAPODS: 1.5.3
